
Microsoft Visual Studio Solution File, Format Version 12.00
# Visual Studio Version 17
VisualStudioVersion = 17.0.32014.148
MinimumVisualStudioVersion = 10.0.40219.1
Project("{FAE04EC0-301F-11D3-BF4B-00C04F79EFBC}") = "Zad_1", "Zad_1\Zad_1.csproj", "{FFFA1F66-4E63-4B11-92EF-C5EE647C83BA}"
EndProject
Project("{FAE04EC0-301F-11D3-BF4B-00C04F79EFBC}") = "Zad_2", "Zad_2\Zad_2.csproj", "{DDAB9C3D-25DE-4DED-9F80-3A9A9362AD85}"
EndProject
Project("{FAE04EC0-301F-11D3-BF4B-00C04F79EFBC}") = "Zad_3", "Zad_3\Zad_3.csproj", "{4F1F9F2D-1593-4281-9C14-F6A07DB0D643}"
EndProject
Project("{FAE04EC0-301F-11D3-BF4B-00C04F79EFBC}") = "Zad_4", "Zad_4\Zad_4.csproj", "{097B7FA5-B6C4-417C-A796-E5DB43D99ECE}"
EndProject
Project("{FAE04EC0-301F-11D3-BF4B-00C04F79EFBC}") = "Zad_5", "Zad_5\Zad_5.csproj", "{C2E24601-F9ED-4973-83E9-FF7E25E3B6D2}"
EndProject
Project("{FAE04EC0-301F-11D3-BF4B-00C04F79EFBC}") = "Zad_6", "Zad_6\Zad_6.csproj", "{FC636016-69B7-4DAA-BA06-938A0EB3B7C7}"
EndProject
Project("{FAE04EC0-301F-11D3-BF4B-00C04F79EFBC}") = "Zad_7", "Zad_7\Zad_7.csproj", "{83882A75-C982-4622-8DDE-3CF9871CD7C5}"
EndProject
Project("{FAE04EC0-301F-11D3-BF4B-00C04F79EFBC}") = "Zad_8", "Zad_8\Zad_8.csproj", "{C4C46E79-8EA2-4FFB-847F-02A4C204FA7D}"
EndProject
Project("{FAE04EC0-301F-11D3-BF4B-00C04F79EFBC}") = "Zad_9", "Zad_9\Zad_9.csproj", "{EB02D7EE-00EA-4530-A583-E4B0D9411873}"
EndProject
Project("{FAE04EC0-301F-11D3-BF4B-00C04F79EFBC}") = "Zad_10", "Zad_10\Zad_10.csproj", "{49AD5B6E-7378-43D1-B479-CD130B60AF6D}"
EndProject
Project("{FAE04EC0-301F-11D3-BF4B-00C04F79EFBC}") = "Zad_11", "Zad_11\Zad_11.csproj", "{329E85B6-3FE0-475B-B093-1825867021CC}"
EndProject
Project("{FAE04EC0-301F-11D3-BF4B-00C04F79EFBC}") = "Zad_12", "Zad_12\Zad_12.csproj", "{068CA347-55EA-457B-B49D-9091B113D3D9}"
EndProject
Project("{FAE04EC0-301F-11D3-BF4B-00C04F79EFBC}") = "Zad_13", "Zad_13\Zad_13.csproj", "{14EE808F-9FE3-4C25-A93E-4BFCDBF6FD5D}"
EndProject
Project("{FAE04EC0-301F-11D3-BF4B-00C04F79EFBC}") = "Zad_13_b", "Zad_13_b\Zad_13_b.csproj", "{424D95A6-7FE8-4A9B-8477-968DC8BC8190}"
EndProject
Project("{FAE04EC0-301F-11D3-BF4B-00C04F79EFBC}") = "Zad_13_c", "Zad_13_c\Zad_13_c.csproj", "{9CCD2DB2-0682-4C1E-BE24-37CB8FD75BFE}"
EndProject
Global
	GlobalSection(SolutionConfigurationPlatforms) = preSolution
		Debug|Any CPU = Debug|Any CPU
		Release|Any CPU = Release|Any CPU
	EndGlobalSection
	GlobalSection(ProjectConfigurationPlatforms) = postSolution
		{FFFA1F66-4E63-4B11-92EF-C5EE647C83BA}.Debug|Any CPU.ActiveCfg = Debug|Any CPU
		{FFFA1F66-4E63-4B11-92EF-C5EE647C83BA}.Debug|Any CPU.Build.0 = Debug|Any CPU
		{FFFA1F66-4E63-4B11-92EF-C5EE647C83BA}.Release|Any CPU.ActiveCfg = Release|Any CPU
		{FFFA1F66-4E63-4B11-92EF-C5EE647C83BA}.Release|Any CPU.Build.0 = Release|Any CPU
		{DDAB9C3D-25DE-4DED-9F80-3A9A9362AD85}.Debug|Any CPU.ActiveCfg = Debug|Any CPU
		{DDAB9C3D-25DE-4DED-9F80-3A9A9362AD85}.Debug|Any CPU.Build.0 = Debug|Any CPU
		{DDAB9C3D-25DE-4DED-9F80-3A9A9362AD85}.Release|Any CPU.ActiveCfg = Release|Any CPU
		{DDAB9C3D-25DE-4DED-9F80-3A9A9362AD85}.Release|Any CPU.Build.0 = Release|Any CPU
		{4F1F9F2D-1593-4281-9C14-F6A07DB0D643}.Debug|Any CPU.ActiveCfg = Debug|Any CPU
		{4F1F9F2D-1593-4281-9C14-F6A07DB0D643}.Debug|Any CPU.Build.0 = Debug|Any CPU
		{4F1F9F2D-1593-4281-9C14-F6A07DB0D643}.Release|Any CPU.ActiveCfg = Release|Any CPU
		{4F1F9F2D-1593-4281-9C14-F6A07DB0D643}.Release|Any CPU.Build.0 = Release|Any CPU
		{097B7FA5-B6C4-417C-A796-E5DB43D99ECE}.Debug|Any CPU.ActiveCfg = Debug|Any CPU
		{097B7FA5-B6C4-417C-A796-E5DB43D99ECE}.Debug|Any CPU.Build.0 = Debug|Any CPU
		{097B7FA5-B6C4-417C-A796-E5DB43D99ECE}.Release|Any CPU.ActiveCfg = Release|Any CPU
		{097B7FA5-B6C4-417C-A796-E5DB43D99ECE}.Release|Any CPU.Build.0 = Release|Any CPU
		{C2E24601-F9ED-4973-83E9-FF7E25E3B6D2}.Debug|Any CPU.ActiveCfg = Debug|Any CPU
		{C2E24601-F9ED-4973-83E9-FF7E25E3B6D2}.Debug|Any CPU.Build.0 = Debug|Any CPU
		{C2E24601-F9ED-4973-83E9-FF7E25E3B6D2}.Release|Any CPU.ActiveCfg = Release|Any CPU
		{C2E24601-F9ED-4973-83E9-FF7E25E3B6D2}.Release|Any CPU.Build.0 = Release|Any CPU
		{FC636016-69B7-4DAA-BA06-938A0EB3B7C7}.Debug|Any CPU.ActiveCfg = Debug|Any CPU
		{FC636016-69B7-4DAA-BA06-938A0EB3B7C7}.Debug|Any CPU.Build.0 = Debug|Any CPU
		{FC636016-69B7-4DAA-BA06-938A0EB3B7C7}.Release|Any CPU.ActiveCfg = Release|Any CPU
		{FC636016-69B7-4DAA-BA06-938A0EB3B7C7}.Release|Any CPU.Build.0 = Release|Any CPU
		{83882A75-C982-4622-8DDE-3CF9871CD7C5}.Debug|Any CPU.ActiveCfg = Debug|Any CPU
		{83882A75-C982-4622-8DDE-3CF9871CD7C5}.Debug|Any CPU.Build.0 = Debug|Any CPU
		{83882A75-C982-4622-8DDE-3CF9871CD7C5}.Release|Any CPU.ActiveCfg = Release|Any CPU
		{83882A75-C982-4622-8DDE-3CF9871CD7C5}.Release|Any CPU.Build.0 = Release|Any CPU
		{C4C46E79-8EA2-4FFB-847F-02A4C204FA7D}.Debug|Any CPU.ActiveCfg = Debug|Any CPU
		{C4C46E79-8EA2-4FFB-847F-02A4C204FA7D}.Debug|Any CPU.Build.0 = Debug|Any CPU
		{C4C46E79-8EA2-4FFB-847F-02A4C204FA7D}.Release|Any CPU.ActiveCfg = Release|Any CPU
		{C4C46E79-8EA2-4FFB-847F-02A4C204FA7D}.Release|Any CPU.Build.0 = Release|Any CPU
		{EB02D7EE-00EA-4530-A583-E4B0D9411873}.Debug|Any CPU.ActiveCfg = Debug|Any CPU
		{EB02D7EE-00EA-4530-A583-E4B0D9411873}.Debug|Any CPU.Build.0 = Debug|Any CPU
		{EB02D7EE-00EA-4530-A583-E4B0D9411873}.Release|Any CPU.ActiveCfg = Release|Any CPU
		{EB02D7EE-00EA-4530-A583-E4B0D9411873}.Release|Any CPU.Build.0 = Release|Any CPU
		{49AD5B6E-7378-43D1-B479-CD130B60AF6D}.Debug|Any CPU.ActiveCfg = Debug|Any CPU
		{49AD5B6E-7378-43D1-B479-CD130B60AF6D}.Debug|Any CPU.Build.0 = Debug|Any CPU
		{49AD5B6E-7378-43D1-B479-CD130B60AF6D}.Release|Any CPU.ActiveCfg = Release|Any CPU
		{49AD5B6E-7378-43D1-B479-CD130B60AF6D}.Release|Any CPU.Build.0 = Release|Any CPU
		{329E85B6-3FE0-475B-B093-1825867021CC}.Debug|Any CPU.ActiveCfg = Debug|Any CPU
		{329E85B6-3FE0-475B-B093-1825867021CC}.Debug|Any CPU.Build.0 = Debug|Any CPU
		{329E85B6-3FE0-475B-B093-1825867021CC}.Release|Any CPU.ActiveCfg = Release|Any CPU
		{329E85B6-3FE0-475B-B093-1825867021CC}.Release|Any CPU.Build.0 = Release|Any CPU
		{068CA347-55EA-457B-B49D-9091B113D3D9}.Debug|Any CPU.ActiveCfg = Debug|Any CPU
		{068CA347-55EA-457B-B49D-9091B113D3D9}.Debug|Any CPU.Build.0 = Debug|Any CPU
		{068CA347-55EA-457B-B49D-9091B113D3D9}.Release|Any CPU.ActiveCfg = Release|Any CPU
		{068CA347-55EA-457B-B49D-9091B113D3D9}.Release|Any CPU.Build.0 = Release|Any CPU
		{14EE808F-9FE3-4C25-A93E-4BFCDBF6FD5D}.Debug|Any CPU.ActiveCfg = Debug|Any CPU
		{14EE808F-9FE3-4C25-A93E-4BFCDBF6FD5D}.Debug|Any CPU.Build.0 = Debug|Any CPU
		{14EE808F-9FE3-4C25-A93E-4BFCDBF6FD5D}.Release|Any CPU.ActiveCfg = Release|Any CPU
		{14EE808F-9FE3-4C25-A93E-4BFCDBF6FD5D}.Release|Any CPU.Build.0 = Release|Any CPU
		{424D95A6-7FE8-4A9B-8477-968DC8BC8190}.Debug|Any CPU.ActiveCfg = Debug|Any CPU
		{424D95A6-7FE8-4A9B-8477-968DC8BC8190}.Debug|Any CPU.Build.0 = Debug|Any CPU
		{424D95A6-7FE8-4A9B-8477-968DC8BC8190}.Release|Any CPU.ActiveCfg = Release|Any CPU
		{424D95A6-7FE8-4A9B-8477-968DC8BC8190}.Release|Any CPU.Build.0 = Release|Any CPU
		{9CCD2DB2-0682-4C1E-BE24-37CB8FD75BFE}.Debug|Any CPU.ActiveCfg = Debug|Any CPU
		{9CCD2DB2-0682-4C1E-BE24-37CB8FD75BFE}.Debug|Any CPU.Build.0 = Debug|Any CPU
		{9CCD2DB2-0682-4C1E-BE24-37CB8FD75BFE}.Release|Any CPU.ActiveCfg = Release|Any CPU
		{9CCD2DB2-0682-4C1E-BE24-37CB8FD75BFE}.Release|Any CPU.Build.0 = Release|Any CPU
	EndGlobalSection
	GlobalSection(SolutionProperties) = preSolution
		HideSolutionNode = FALSE
	EndGlobalSection
	GlobalSection(ExtensibilityGlobals) = postSolution
		SolutionGuid = {F2C89822-B6CC-478E-A231-AAA822F816A3}
	EndGlobalSection
EndGlobal
